
Microsoft Visual Studio Solution File, Format Version 12.00
# Visual Studio Version 17
VisualStudioVersion = 17.11.35327.3
MinimumVisualStudioVersion = 10.0.40219.1
Project("{2150E333-8FDC-42A3-9474-1A3956D46DE8}") = "Task0", "Task0", "{2532CBA3-E746-4C10-87DB-75BB29025B42}"
EndProject
Project("{9A19103F-16F7-4668-BE54-9A1E7A4F7556}") = "Tyuiu.BurdovKS.Sprint5.Task0.V18", "Tyuiu.BurdovKS.Sprint5.Task0.V18\Tyuiu.BurdovKS.Sprint5.Task0.V18.csproj", "{9864DAF2-2044-470C-AB5B-A0AC5832FE82}"
EndProject
Project("{9A19103F-16F7-4668-BE54-9A1E7A4F7556}") = "Tyuiu.BurdovKS.Sprint5.Task0.V18.Lib", "Tyuiu.BurdovKS.Sprint5.Task0.V18.Lib\Tyuiu.BurdovKS.Sprint5.Task0.V18.Lib.csproj", "{FEB9B82E-C499-45E1-9DA6-73BF03B4B9B1}"
EndProject
Project("{9A19103F-16F7-4668-BE54-9A1E7A4F7556}") = "Tyuiu.BurdovKS.Sprint5.Task0.V18.Test", "Tyuiu.BurdovKS.Sprint5.Task0.V18.Test\Tyuiu.BurdovKS.Sprint5.Task0.V18.Test.csproj", "{D3508D33-F155-4F48-9E50-22968A5CBAF8}"
EndProject
Project("{2150E333-8FDC-42A3-9474-1A3956D46DE8}") = "Task1", "Task1", "{F4240BD5-8E29-4792-A828-7AEE9512A055}"
EndProject
Project("{9A19103F-16F7-4668-BE54-9A1E7A4F7556}") = "Tyuiu.BurdovKS.Sprint5.Task1.V2", "Tyuiu.BurdovKS.Sprint5.Task1.V2\Tyuiu.BurdovKS.Sprint5.Task1.V2.csproj", "{02F655A9-60E2-4A54-A334-8EF296487F7B}"
EndProject
Project("{9A19103F-16F7-4668-BE54-9A1E7A4F7556}") = "Tyuiu.BurdovKS.Sprint5.Task1.V2.Lib", "Tyuiu.BurdovKS.Sprint5.Task1.V2.Lib\Tyuiu.BurdovKS.Sprint5.Task1.V2.Lib.csproj", "{43EC8410-CA3F-4134-9322-AF2C4AFDF724}"
EndProject
Project("{9A19103F-16F7-4668-BE54-9A1E7A4F7556}") = "Tyuiu.BurdovKS.Sprint5.Task1.V2.Test", "Tyuiu.BurdovKS.Sprint5.Task1.V2.Test\Tyuiu.BurdovKS.Sprint5.Task1.V2.Test.csproj", "{C04D7648-F911-47E7-9F24-4847DCDFD7A2}"
EndProject
Project("{2150E333-8FDC-42A3-9474-1A3956D46DE8}") = "Task2", "Task2", "{D7E35550-5D15-4EC3-840E-9036E2B63F74}"
EndProject
Project("{9A19103F-16F7-4668-BE54-9A1E7A4F7556}") = "Tyuiu.BurdovKS.Sprint5.Task2.V16", "Tyuiu.BurdovKS.Sprint5.Task2.V16\Tyuiu.BurdovKS.Sprint5.Task2.V16.csproj", "{A852B2A8-B6F1-4E01-B311-FEB73792AA8F}"
EndProject
Project("{9A19103F-16F7-4668-BE54-9A1E7A4F7556}") = "Tyuiu.BurdovKS.Sprint5.Task2.V16.Lib", "Tyuiu.BurdovKS.Sprint5.Task2.V16.Lib\Tyuiu.BurdovKS.Sprint5.Task2.V16.Lib.csproj", "{D9C3E368-4A95-4F97-8C1B-8B6E8773C4B5}"
EndProject
Project("{9A19103F-16F7-4668-BE54-9A1E7A4F7556}") = "Tyuiu.BurdovKS.Sprint5.Task2.V16.Test", "Tyuiu.BurdovKS.Sprint5.Task2.V16.Test\Tyuiu.BurdovKS.Sprint5.Task2.V16.Test.csproj", "{D488900E-331E-4211-BDF8-D230BEA2DA00}"
EndProject
Project("{2150E333-8FDC-42A3-9474-1A3956D46DE8}") = "NewFolder1", "NewFolder1", "{77B38209-2BC0-4C5F-8E65-03E00EB5CA48}"
EndProject
Project("{2150E333-8FDC-42A3-9474-1A3956D46DE8}") = "Task3", "Task3", "{63BE337F-2BE4-4EC3-AE83-CBDA965CF402}"
EndProject
Project("{9A19103F-16F7-4668-BE54-9A1E7A4F7556}") = "Tyuiu.BurdovKS.Sprint5.Task3.V22", "Tyuiu.BurdovKS.Sprint5.Task3.V22\Tyuiu.BurdovKS.Sprint5.Task3.V22.csproj", "{2933F89D-7CA3-492E-9279-C84E185FA926}"
EndProject
Project("{9A19103F-16F7-4668-BE54-9A1E7A4F7556}") = "Tyuiu.BurdovKS.Sprint5.Task3.V22.Lib", "Tyuiu.BurdovKS.Sprint5.Task3.V22.Lib\Tyuiu.BurdovKS.Sprint5.Task3.V22.Lib.csproj", "{5340DEB3-A5A6-42CE-BA88-4575A2235A5F}"
EndProject
Project("{9A19103F-16F7-4668-BE54-9A1E7A4F7556}") = "Tyuiu.BurdovKS.Sprint5.Task3.V22.Test", "Tyuiu.BurdovKS.Sprint5.Task3.V22.Test\Tyuiu.BurdovKS.Sprint5.Task3.V22.Test.csproj", "{66AE59FC-4C64-40AE-9942-3BB13C784440}"
EndProject
Project("{2150E333-8FDC-42A3-9474-1A3956D46DE8}") = "Task4", "Task4", "{6BFB75AF-7293-48C3-B448-13851E073F69}"
EndProject
Project("{9A19103F-16F7-4668-BE54-9A1E7A4F7556}") = "Tyuiu.BurdovKS.Sprint5.Task4.V29", "Tyuiu.BurdovKS.Sprint5.Task4.V29\Tyuiu.BurdovKS.Sprint5.Task4.V29.csproj", "{3403B674-BF94-4E9C-ABA7-0E1DE9FA0EAB}"
EndProject
Project("{9A19103F-16F7-4668-BE54-9A1E7A4F7556}") = "Tyuiu.BurdovKS.Sprint5.Task4.V29.Lib", "Tyuiu.BurdovKS.Sprint5.Task4.V29.Lib\Tyuiu.BurdovKS.Sprint5.Task4.V29.Lib.csproj", "{28A0606F-ECB9-4F61-8F2E-94822566F8EB}"
EndProject
Project("{9A19103F-16F7-4668-BE54-9A1E7A4F7556}") = "Tyuiu.BurdovKS.Sprint5.Task4.V29.Test", "Tyuiu.BurdovKS.Sprint5.Task4.V29.Test\Tyuiu.BurdovKS.Sprint5.Task4.V29.Test.csproj", "{C1E965EE-4786-46F1-8388-B4C186AB2148}"
EndProject
Project("{2150E333-8FDC-42A3-9474-1A3956D46DE8}") = "Task5", "Task5", "{3D5B6ABD-4DD0-43D0-917E-8C8C71F1DBAA}"
EndProject
Project("{9A19103F-16F7-4668-BE54-9A1E7A4F7556}") = "Tyuiu.BurdovKS.Sprint5.Task5.V24", "Tyuiu.BurdovKS.Sprint5.Task5.V24\Tyuiu.BurdovKS.Sprint5.Task5.V24.csproj", "{5C99E749-32D9-43E3-9834-36EF5DB4393D}"
EndProject
Project("{9A19103F-16F7-4668-BE54-9A1E7A4F7556}") = "Tyuiu.BurdovKS.Sprint5.Task5.V24.Lib", "Tyuiu.BurdovKS.Sprint5.Task5.V24.Lib\Tyuiu.BurdovKS.Sprint5.Task5.V24.Lib.csproj", "{75E5DEEC-F14C-4B54-AEAA-8006E262865D}"
EndProject
Project("{9A19103F-16F7-4668-BE54-9A1E7A4F7556}") = "Tyuiu.BurdovKS.Sprint5.Task5.V24.Test", "Tyuiu.BurdovKS.Sprint5.Task5.V24.Test\Tyuiu.BurdovKS.Sprint5.Task5.V24.Test.csproj", "{8E5A060F-7789-4A55-93EF-CD24D8DEFDA7}"
EndProject
Project("{2150E333-8FDC-42A3-9474-1A3956D46DE8}") = "Task6", "Task6", "{4389F665-7BE3-4CEB-903E-5AD44AE99534}"
EndProject
Project("{FAE04EC0-301F-11D3-BF4B-00C04F79EFBC}") = "Tyuiu.BurdovKS.Sprint5.Task6.V20", "Tyuiu.BurdovKS.Sprint5.Task6.V20\Tyuiu.BurdovKS.Sprint5.Task6.V20.csproj", "{D2864DFE-B94A-4C07-B669-0B65FE197BA0}"
EndProject
Project("{FAE04EC0-301F-11D3-BF4B-00C04F79EFBC}") = "Tyuiu.BurdovKS.Sprint5.Task6.V20.Lib", "Tyuiu.BurdovKS.Sprint5.Task6.V20.Lib\Tyuiu.BurdovKS.Sprint5.Task6.V20.Lib.csproj", "{6AA18A18-19F3-4A4A-A20E-C58B3DD5BF28}"
EndProject
Project("{FAE04EC0-301F-11D3-BF4B-00C04F79EFBC}") = "Tyuiu.BurdovKS.Sprint5.Task6.V20.Test", "Tyuiu.BurdovKS.Sprint5.Task6.V20.Test\Tyuiu.BurdovKS.Sprint5.Task6.V20.Test.csproj", "{C00AB024-4273-47F5-A270-93FD8BDA0A41}"
EndProject
Global
	GlobalSection(SolutionConfigurationPlatforms) = preSolution
		Debug|Any CPU = Debug|Any CPU
		Release|Any CPU = Release|Any CPU
	EndGlobalSection
	GlobalSection(ProjectConfigurationPlatforms) = postSolution
		{9864DAF2-2044-470C-AB5B-A0AC5832FE82}.Debug|Any CPU.ActiveCfg = Debug|Any CPU
		{9864DAF2-2044-470C-AB5B-A0AC5832FE82}.Debug|Any CPU.Build.0 = Debug|Any CPU
		{9864DAF2-2044-470C-AB5B-A0AC5832FE82}.Release|Any CPU.ActiveCfg = Release|Any CPU
		{9864DAF2-2044-470C-AB5B-A0AC5832FE82}.Release|Any CPU.Build.0 = Release|Any CPU
		{FEB9B82E-C499-45E1-9DA6-73BF03B4B9B1}.Debug|Any CPU.ActiveCfg = Debug|Any CPU
		{FEB9B82E-C499-45E1-9DA6-73BF03B4B9B1}.Debug|Any CPU.Build.0 = Debug|Any CPU
		{FEB9B82E-C499-45E1-9DA6-73BF03B4B9B1}.Release|Any CPU.ActiveCfg = Release|Any CPU
		{FEB9B82E-C499-45E1-9DA6-73BF03B4B9B1}.Release|Any CPU.Build.0 = Release|Any CPU
		{D3508D33-F155-4F48-9E50-22968A5CBAF8}.Debug|Any CPU.ActiveCfg = Debug|Any CPU
		{D3508D33-F155-4F48-9E50-22968A5CBAF8}.Debug|Any CPU.Build.0 = Debug|Any CPU
		{D3508D33-F155-4F48-9E50-22968A5CBAF8}.Release|Any CPU.ActiveCfg = Release|Any CPU
		{D3508D33-F155-4F48-9E50-22968A5CBAF8}.Release|Any CPU.Build.0 = Release|Any CPU
		{02F655A9-60E2-4A54-A334-8EF296487F7B}.Debug|Any CPU.ActiveCfg = Debug|Any CPU
		{02F655A9-60E2-4A54-A334-8EF296487F7B}.Debug|Any CPU.Build.0 = Debug|Any CPU
		{02F655A9-60E2-4A54-A334-8EF296487F7B}.Release|Any CPU.ActiveCfg = Release|Any CPU
		{02F655A9-60E2-4A54-A334-8EF296487F7B}.Release|Any CPU.Build.0 = Release|Any CPU
		{43EC8410-CA3F-4134-9322-AF2C4AFDF724}.Debug|Any CPU.ActiveCfg = Debug|Any CPU
		{43EC8410-CA3F-4134-9322-AF2C4AFDF724}.Debug|Any CPU.Build.0 = Debug|Any CPU
		{43EC8410-CA3F-4134-9322-AF2C4AFDF724}.Release|Any CPU.ActiveCfg = Release|Any CPU
		{43EC8410-CA3F-4134-9322-AF2C4AFDF724}.Release|Any CPU.Build.0 = Release|Any CPU
		{C04D7648-F911-47E7-9F24-4847DCDFD7A2}.Debug|Any CPU.ActiveCfg = Debug|Any CPU
		{C04D7648-F911-47E7-9F24-4847DCDFD7A2}.Debug|Any CPU.Build.0 = Debug|Any CPU
		{C04D7648-F911-47E7-9F24-4847DCDFD7A2}.Release|Any CPU.ActiveCfg = Release|Any CPU
		{C04D7648-F911-47E7-9F24-4847DCDFD7A2}.Release|Any CPU.Build.0 = Release|Any CPU
		{A852B2A8-B6F1-4E01-B311-FEB73792AA8F}.Debug|Any CPU.ActiveCfg = Debug|Any CPU
		{A852B2A8-B6F1-4E01-B311-FEB73792AA8F}.Debug|Any CPU.Build.0 = Debug|Any CPU
		{A852B2A8-B6F1-4E01-B311-FEB73792AA8F}.Release|Any CPU.ActiveCfg = Release|Any CPU
		{A852B2A8-B6F1-4E01-B311-FEB73792AA8F}.Release|Any CPU.Build.0 = Release|Any CPU
		{D9C3E368-4A95-4F97-8C1B-8B6E8773C4B5}.Debug|Any CPU.ActiveCfg = Debug|Any CPU
		{D9C3E368-4A95-4F97-8C1B-8B6E8773C4B5}.Debug|Any CPU.Build.0 = Debug|Any CPU
		{D9C3E368-4A95-4F97-8C1B-8B6E8773C4B5}.Release|Any CPU.ActiveCfg = Release|Any CPU
		{D9C3E368-4A95-4F97-8C1B-8B6E8773C4B5}.Release|Any CPU.Build.0 = Release|Any CPU
		{D488900E-331E-4211-BDF8-D230BEA2DA00}.Debug|Any CPU.ActiveCfg = Debug|Any CPU
		{D488900E-331E-4211-BDF8-D230BEA2DA00}.Debug|Any CPU.Build.0 = Debug|Any CPU
		{D488900E-331E-4211-BDF8-D230BEA2DA00}.Release|Any CPU.ActiveCfg = Release|Any CPU
		{D488900E-331E-4211-BDF8-D230BEA2DA00}.Release|Any CPU.Build.0 = Release|Any CPU
		{2933F89D-7CA3-492E-9279-C84E185FA926}.Debug|Any CPU.ActiveCfg = Debug|Any CPU
		{2933F89D-7CA3-492E-9279-C84E185FA926}.Debug|Any CPU.Build.0 = Debug|Any CPU
		{2933F89D-7CA3-492E-9279-C84E185FA926}.Release|Any CPU.ActiveCfg = Release|Any CPU
		{2933F89D-7CA3-492E-9279-C84E185FA926}.Release|Any CPU.Build.0 = Release|Any CPU
		{5340DEB3-A5A6-42CE-BA88-4575A2235A5F}.Debug|Any CPU.ActiveCfg = Debug|Any CPU
		{5340DEB3-A5A6-42CE-BA88-4575A2235A5F}.Debug|Any CPU.Build.0 = Debug|Any CPU
		{5340DEB3-A5A6-42CE-BA88-4575A2235A5F}.Release|Any CPU.ActiveCfg = Release|Any CPU
		{5340DEB3-A5A6-42CE-BA88-4575A2235A5F}.Release|Any CPU.Build.0 = Release|Any CPU
		{66AE59FC-4C64-40AE-9942-3BB13C784440}.Debug|Any CPU.ActiveCfg = Debug|Any CPU
		{66AE59FC-4C64-40AE-9942-3BB13C784440}.Debug|Any CPU.Build.0 = Debug|Any CPU
		{66AE59FC-4C64-40AE-9942-3BB13C784440}.Release|Any CPU.ActiveCfg = Release|Any CPU
		{66AE59FC-4C64-40AE-9942-3BB13C784440}.Release|Any CPU.Build.0 = Release|Any CPU
		{3403B674-BF94-4E9C-ABA7-0E1DE9FA0EAB}.Debug|Any CPU.ActiveCfg = Debug|Any CPU
		{3403B674-BF94-4E9C-ABA7-0E1DE9FA0EAB}.Debug|Any CPU.Build.0 = Debug|Any CPU
		{3403B674-BF94-4E9C-ABA7-0E1DE9FA0EAB}.Release|Any CPU.ActiveCfg = Release|Any CPU
		{3403B674-BF94-4E9C-ABA7-0E1DE9FA0EAB}.Release|Any CPU.Build.0 = Release|Any CPU
		{28A0606F-ECB9-4F61-8F2E-94822566F8EB}.Debug|Any CPU.ActiveCfg = Debug|Any CPU
		{28A0606F-ECB9-4F61-8F2E-94822566F8EB}.Debug|Any CPU.Build.0 = Debug|Any CPU
		{28A0606F-ECB9-4F61-8F2E-94822566F8EB}.Release|Any CPU.ActiveCfg = Release|Any CPU
		{28A0606F-ECB9-4F61-8F2E-94822566F8EB}.Release|Any CPU.Build.0 = Release|Any CPU
		{C1E965EE-4786-46F1-8388-B4C186AB2148}.Debug|Any CPU.ActiveCfg = Debug|Any CPU
		{C1E965EE-4786-46F1-8388-B4C186AB2148}.Debug|Any CPU.Build.0 = Debug|Any CPU
		{C1E965EE-4786-46F1-8388-B4C186AB2148}.Release|Any CPU.ActiveCfg = Release|Any CPU
		{C1E965EE-4786-46F1-8388-B4C186AB2148}.Release|Any CPU.Build.0 = Release|Any CPU
		{5C99E749-32D9-43E3-9834-36EF5DB4393D}.Debug|Any CPU.ActiveCfg = Debug|Any CPU
		{5C99E749-32D9-43E3-9834-36EF5DB4393D}.Debug|Any CPU.Build.0 = Debug|Any CPU
		{5C99E749-32D9-43E3-9834-36EF5DB4393D}.Release|Any CPU.ActiveCfg = Release|Any CPU
		{5C99E749-32D9-43E3-9834-36EF5DB4393D}.Release|Any CPU.Build.0 = Release|Any CPU
		{75E5DEEC-F14C-4B54-AEAA-8006E262865D}.Debug|Any CPU.ActiveCfg = Debug|Any CPU
		{75E5DEEC-F14C-4B54-AEAA-8006E262865D}.Debug|Any CPU.Build.0 = Debug|Any CPU
		{75E5DEEC-F14C-4B54-AEAA-8006E262865D}.Release|Any CPU.ActiveCfg = Release|Any CPU
		{75E5DEEC-F14C-4B54-AEAA-8006E262865D}.Release|Any CPU.Build.0 = Release|Any CPU
		{8E5A060F-7789-4A55-93EF-CD24D8DEFDA7}.Debug|Any CPU.ActiveCfg = Debug|Any CPU
		{8E5A060F-7789-4A55-93EF-CD24D8DEFDA7}.Debug|Any CPU.Build.0 = Debug|Any CPU
		{8E5A060F-7789-4A55-93EF-CD24D8DEFDA7}.Release|Any CPU.ActiveCfg = Release|Any CPU
		{8E5A060F-7789-4A55-93EF-CD24D8DEFDA7}.Release|Any CPU.Build.0 = Release|Any CPU
		{D2864DFE-B94A-4C07-B669-0B65FE197BA0}.Debug|Any CPU.ActiveCfg = Debug|Any CPU
		{D2864DFE-B94A-4C07-B669-0B65FE197BA0}.Debug|Any CPU.Build.0 = Debug|Any CPU
		{D2864DFE-B94A-4C07-B669-0B65FE197BA0}.Release|Any CPU.ActiveCfg = Release|Any CPU
		{D2864DFE-B94A-4C07-B669-0B65FE197BA0}.Release|Any CPU.Build.0 = Release|Any CPU
		{6AA18A18-19F3-4A4A-A20E-C58B3DD5BF28}.Debug|Any CPU.ActiveCfg = Debug|Any CPU
		{6AA18A18-19F3-4A4A-A20E-C58B3DD5BF28}.Debug|Any CPU.Build.0 = Debug|Any CPU
		{6AA18A18-19F3-4A4A-A20E-C58B3DD5BF28}.Release|Any CPU.ActiveCfg = Release|Any CPU
		{6AA18A18-19F3-4A4A-A20E-C58B3DD5BF28}.Release|Any CPU.Build.0 = Release|Any CPU
		{C00AB024-4273-47F5-A270-93FD8BDA0A41}.Debug|Any CPU.ActiveCfg = Debug|Any CPU
		{C00AB024-4273-47F5-A270-93FD8BDA0A41}.Debug|Any CPU.Build.0 = Debug|Any CPU
		{C00AB024-4273-47F5-A270-93FD8BDA0A41}.Release|Any CPU.ActiveCfg = Release|Any CPU
		{C00AB024-4273-47F5-A270-93FD8BDA0A41}.Release|Any CPU.Build.0 = Release|Any CPU
	EndGlobalSection
	GlobalSection(SolutionProperties) = preSolution
		HideSolutionNode = FALSE
	EndGlobalSection
	GlobalSection(NestedProjects) = preSolution
		{9864DAF2-2044-470C-AB5B-A0AC5832FE82} = {2532CBA3-E746-4C10-87DB-75BB29025B42}
		{FEB9B82E-C499-45E1-9DA6-73BF03B4B9B1} = {2532CBA3-E746-4C10-87DB-75BB29025B42}
		{D3508D33-F155-4F48-9E50-22968A5CBAF8} = {2532CBA3-E746-4C10-87DB-75BB29025B42}
		{02F655A9-60E2-4A54-A334-8EF296487F7B} = {F4240BD5-8E29-4792-A828-7AEE9512A055}
		{43EC8410-CA3F-4134-9322-AF2C4AFDF724} = {F4240BD5-8E29-4792-A828-7AEE9512A055}
		{C04D7648-F911-47E7-9F24-4847DCDFD7A2} = {F4240BD5-8E29-4792-A828-7AEE9512A055}
		{A852B2A8-B6F1-4E01-B311-FEB73792AA8F} = {D7E35550-5D15-4EC3-840E-9036E2B63F74}
		{D9C3E368-4A95-4F97-8C1B-8B6E8773C4B5} = {D7E35550-5D15-4EC3-840E-9036E2B63F74}
		{D488900E-331E-4211-BDF8-D230BEA2DA00} = {D7E35550-5D15-4EC3-840E-9036E2B63F74}
		{77B38209-2BC0-4C5F-8E65-03E00EB5CA48} = {2532CBA3-E746-4C10-87DB-75BB29025B42}
		{2933F89D-7CA3-492E-9279-C84E185FA926} = {63BE337F-2BE4-4EC3-AE83-CBDA965CF402}
		{5340DEB3-A5A6-42CE-BA88-4575A2235A5F} = {63BE337F-2BE4-4EC3-AE83-CBDA965CF402}
		{66AE59FC-4C64-40AE-9942-3BB13C784440} = {63BE337F-2BE4-4EC3-AE83-CBDA965CF402}
		{3403B674-BF94-4E9C-ABA7-0E1DE9FA0EAB} = {6BFB75AF-7293-48C3-B448-13851E073F69}
		{28A0606F-ECB9-4F61-8F2E-94822566F8EB} = {6BFB75AF-7293-48C3-B448-13851E073F69}
		{C1E965EE-4786-46F1-8388-B4C186AB2148} = {6BFB75AF-7293-48C3-B448-13851E073F69}
		{5C99E749-32D9-43E3-9834-36EF5DB4393D} = {3D5B6ABD-4DD0-43D0-917E-8C8C71F1DBAA}
		{75E5DEEC-F14C-4B54-AEAA-8006E262865D} = {3D5B6ABD-4DD0-43D0-917E-8C8C71F1DBAA}
		{8E5A060F-7789-4A55-93EF-CD24D8DEFDA7} = {3D5B6ABD-4DD0-43D0-917E-8C8C71F1DBAA}
		{D2864DFE-B94A-4C07-B669-0B65FE197BA0} = {4389F665-7BE3-4CEB-903E-5AD44AE99534}
		{6AA18A18-19F3-4A4A-A20E-C58B3DD5BF28} = {4389F665-7BE3-4CEB-903E-5AD44AE99534}
		{C00AB024-4273-47F5-A270-93FD8BDA0A41} = {4389F665-7BE3-4CEB-903E-5AD44AE99534}
	EndGlobalSection
	GlobalSection(ExtensibilityGlobals) = postSolution
		SolutionGuid = {3B9954B1-E804-4876-902A-CE87A44D25FA}
	EndGlobalSection
EndGlobal
